
Microsoft Visual Studio Solution File, Format Version 12.00
# Visual Studio Version 17
VisualStudioVersion = 17.0.32112.339
MinimumVisualStudioVersion = 10.0.40219.1
Project("{FAE04EC0-301F-11D3-BF4B-00C04F79EFBC}") = "VideoFrameCaptureLibrary", "VideoFrameCaptureLibrary\VideoFrameCaptureLibrary.csproj", "{A0D11F99-C261-45F2-AC74-62BD15FCADEB}"
EndProject
Global
	GlobalSection(SolutionConfigurationPlatforms) = preSolution
		Debug|Any CPU = Debug|Any CPU
		Release|Any CPU = Release|Any CPU
	EndGlobalSection
	GlobalSection(ProjectConfigurationPlatforms) = postSolution
		{A0D11F99-C261-45F2-AC74-62BD15FCADEB}.Debug|Any CPU.ActiveCfg = Debug|Any CPU
		{A0D11F99-C261-45F2-AC74-62BD15FCADEB}.Debug|Any CPU.Build.0 = Debug|Any CPU
		{A0D11F99-C261-45F2-AC74-62BD15FCADEB}.Release|Any CPU.ActiveCfg = Release|Any CPU
		{A0D11F99-C261-45F2-AC74-62BD15FCADEB}.Release|Any CPU.Build.0 = Release|Any CPU
	EndGlobalSection
	GlobalSection(SolutionProperties) = preSolution
		HideSolutionNode = FALSE
	EndGlobalSection
	GlobalSection(ExtensibilityGlobals) = postSolution
		SolutionGuid = {8B726A5C-AACE-4A45-BD92-A14E121FC916}
	EndGlobalSection
EndGlobal
